
Microsoft Visual Studio Solution File, Format Version 12.00
# Visual Studio 15
VisualStudioVersion = 15.0.27130.2010
MinimumVisualStudioVersion = 10.0.40219.1
Project("{FAE04EC0-301F-11D3-BF4B-00C04F79EFBC}") = "300960704_Rodrigo_ASS01", "300960704_Rodrigo_ASS01\300960704_Rodrigo_ASS01.csproj", "{018F3F39-E2C1-451C-AB4E-409C3D66F477}"
EndProject
Global
	GlobalSection(SolutionConfigurationPlatforms) = preSolution
		Debug|Any CPU = Debug|Any CPU
		Release|Any CPU = Release|Any CPU
	EndGlobalSection
	GlobalSection(ProjectConfigurationPlatforms) = postSolution
		{018F3F39-E2C1-451C-AB4E-409C3D66F477}.Debug|Any CPU.ActiveCfg = Debug|Any CPU
		{018F3F39-E2C1-451C-AB4E-409C3D66F477}.Debug|Any CPU.Build.0 = Debug|Any CPU
		{018F3F39-E2C1-451C-AB4E-409C3D66F477}.Release|Any CPU.ActiveCfg = Release|Any CPU
		{018F3F39-E2C1-451C-AB4E-409C3D66F477}.Release|Any CPU.Build.0 = Release|Any CPU
	EndGlobalSection
	GlobalSection(SolutionProperties) = preSolution
		HideSolutionNode = FALSE
	EndGlobalSection
	GlobalSection(ExtensibilityGlobals) = postSolution
		SolutionGuid = {80074C61-4A8A-40A0-87A1-6651C2BE1959}
	EndGlobalSection
EndGlobal
